// !$*UTF8*$!
{
	archiveVersion = 1;
	classes = {
	};
	objectVersion = 56;
	objects = {

/* Begin PBXBuildFile section */
		AFAFD52428EBBC3B00B3C410 /* AppDelegate.swift in Sources */ = {isa = PBXBuildFile; fileRef = AFAFD52328EBBC3B00B3C410 /* AppDelegate.swift */; };
		AFAFD52628EBBC3B00B3C410 /* SceneDelegate.swift in Sources */ = {isa = PBXBuildFile; fileRef = AFAFD52528EBBC3B00B3C410 /* SceneDelegate.swift */; };
		AFAFD52828EBBC3B00B3C410 /* ViewController.swift in Sources */ = {isa = PBXBuildFile; fileRef = AFAFD52728EBBC3B00B3C410 /* ViewController.swift */; };
		AFAFD52B28EBBC3B00B3C410 /* Main.storyboard in Resources */ = {isa = PBXBuildFile; fileRef = AFAFD52928EBBC3B00B3C410 /* Main.storyboard */; };
		AFAFD52D28EBBC3C00B3C410 /* Assets.xcassets in Resources */ = {isa = PBXBuildFile; fileRef = AFAFD52C28EBBC3C00B3C410 /* Assets.xcassets */; };
		AFAFD53028EBBC3C00B3C410 /* LaunchScreen.storyboard in Resources */ = {isa = PBXBuildFile; fileRef = AFAFD52E28EBBC3C00B3C410 /* LaunchScreen.storyboard */; };
		AFAFD53B28EBBC3C00B3C410 /* car_catalogue_midterm_049Tests.swift in Sources */ = {isa = PBXBuildFile; fileRef = AFAFD53A28EBBC3C00B3C410 /* car_catalogue_midterm_049Tests.swift */; };
		AFAFD54528EBBC3C00B3C410 /* car_catalogue_midterm_049UITests.swift in Sources */ = {isa = PBXBuildFile; fileRef = AFAFD54428EBBC3C00B3C410 /* car_catalogue_midterm_049UITests.swift */; };
		AFAFD54728EBBC3C00B3C410 /* car_catalogue_midterm_049UITestsLaunchTests.swift in Sources */ = {isa = PBXBuildFile; fileRef = AFAFD54628EBBC3C00B3C410 /* car_catalogue_midterm_049UITestsLaunchTests.swift */; };
		AFAFD55428EBBD0000B3C410 /* DataConfig.swift in Sources */ = {isa = PBXBuildFile; fileRef = AFAFD55328EBBD0000B3C410 /* DataConfig.swift */; };
		AFAFD57E28EBBE3800B3C410 /* nissan_terra.png in Resources */ = {isa = PBXBuildFile; fileRef = AFAFD55528EBBE3600B3C410 /* nissan_terra.png */; };
		AFAFD57F28EBBE3800B3C410 /* civic.png in Resources */ = {isa = PBXBuildFile; fileRef = AFAFD55628EBBE3600B3C410 /* civic.png */; };
		AFAFD58028EBBE3800B3C410 /* motorexpo3.jpg in Resources */ = {isa = PBXBuildFile; fileRef = AFAFD55728EBBE3600B3C410 /* motorexpo3.jpg */; };
		AFAFD58228EBBE3800B3C410 /* honda_hrv.png in Resources */ = {isa = PBXBuildFile; fileRef = AFAFD55928EBBE3600B3C410 /* honda_hrv.png */; };
		AFAFD58528EBBE3800B3C410 /* Nintendo_Switch_OLED.png in Resources */ = {isa = PBXBuildFile; fileRef = AFAFD55C28EBBE3700B3C410 /* Nintendo_Switch_OLED.png */; };
		AFAFD58628EBBE3800B3C410 /* honda_civic.png in Resources */ = {isa = PBXBuildFile; fileRef = AFAFD55D28EBBE3700B3C410 /* honda_civic.png */; };
		AFAFD58928EBBE3800B3C410 /* mazda_cx8.png in Resources */ = {isa = PBXBuildFile; fileRef = AFAFD56028EBBE3700B3C410 /* mazda_cx8.png */; };
		AFAFD58A28EBBE3800B3C410 /* mazda_cx3.png in Resources */ = {isa = PBXBuildFile; fileRef = AFAFD56128EBBE3700B3C410 /* mazda_cx3.png */; };
		AFAFD58B28EBBE3800B3C410 /* terra.png in Resources */ = {isa = PBXBuildFile; fileRef = AFAFD56228EBBE3700B3C410 /* terra.png */; };
		AFAFD58C28EBBE3800B3C410 /* mazda_2.png in Resources */ = {isa = PBXBuildFile; fileRef = AFAFD56328EBBE3700B3C410 /* mazda_2.png */; };
		AFAFD58D28EBBE3800B3C410 /* cx3.png in Resources */ = {isa = PBXBuildFile; fileRef = AFAFD56428EBBE3700B3C410 /* cx3.png */; };
		AFAFD58E28EBBE3800B3C410 /* gtr.png in Resources */ = {isa = PBXBuildFile; fileRef = AFAFD56528EBBE3700B3C410 /* gtr.png */; };
		AFAFD58F28EBBE3800B3C410 /* motorexpo2022_2.jpg in Resources */ = {isa = PBXBuildFile; fileRef = AFAFD56628EBBE3700B3C410 /* motorexpo2022_2.jpg */; };
		AFAFD59028EBBE3800B3C410 /* nissan_almera.png in Resources */ = {isa = PBXBuildFile; fileRef = AFAFD56728EBBE3700B3C410 /* nissan_almera.png */; };
		AFAFD59128EBBE3800B3C410 /* nissan_gtr.png in Resources */ = {isa = PBXBuildFile; fileRef = AFAFD56828EBBE3700B3C410 /* nissan_gtr.png */; };
		AFAFD59228EBBE3800B3C410 /* city.png in Resources */ = {isa = PBXBuildFile; fileRef = AFAFD56928EBBE3700B3C410 /* city.png */; };
		AFAFD59428EBBE3800B3C410 /* almera.png in Resources */ = {isa = PBXBuildFile; fileRef = AFAFD56B28EBBE3700B3C410 /* almera.png */; };
		AFAFD59528EBBE3800B3C410 /* mazda_cx5.png in Resources */ = {isa = PBXBuildFile; fileRef = AFAFD56C28EBBE3800B3C410 /* mazda_cx5.png */; };
		AFAFD59728EBBE3800B3C410 /* honda_accord.png in Resources */ = {isa = PBXBuildFile; fileRef = AFAFD56E28EBBE3800B3C410 /* honda_accord.png */; };
		AFAFD59828EBBE3800B3C410 /* cx8.png in Resources */ = {isa = PBXBuildFile; fileRef = AFAFD56F28EBBE3800B3C410 /* cx8.png */; };
		AFAFD59928EBBE3800B3C410 /* Car-Loan.jpeg in Resources */ = {isa = PBXBuildFile; fileRef = AFAFD57028EBBE3800B3C410 /* Car-Loan.jpeg */; };
		AFAFD59A28EBBE3800B3C410 /* hrv.png in Resources */ = {isa = PBXBuildFile; fileRef = AFAFD57128EBBE3800B3C410 /* hrv.png */; };
		AFAFD59C28EBBE3800B3C410 /* accord.png in Resources */ = {isa = PBXBuildFile; fileRef = AFAFD57328EBBE3800B3C410 /* accord.png */; };
		AFAFD59D28EBBE3800B3C410 /* motorexpo2022_1.jpg in Resources */ = {isa = PBXBuildFile; fileRef = AFAFD57428EBBE3800B3C410 /* motorexpo2022_1.jpg */; };
		AFAFD59E28EBBE3800B3C410 /* kick.png in Resources */ = {isa = PBXBuildFile; fileRef = AFAFD57528EBBE3800B3C410 /* kick.png */; };
		AFAFD5A128EBBE3800B3C410 /* 2.png in Resources */ = {isa = PBXBuildFile; fileRef = AFAFD57828EBBE3800B3C410 /* 2.png */; };
		AFAFD5A228EBBE3800B3C410 /* cx5.png in Resources */ = {isa = PBXBuildFile; fileRef = AFAFD57928EBBE3800B3C410 /* cx5.png */; };
		AFAFD5A428EBBE3800B3C410 /* nissan_kick.png in Resources */ = {isa = PBXBuildFile; fileRef = AFAFD57B28EBBE3800B3C410 /* nissan_kick.png */; };
		AFAFD5A528EBBE3800B3C410 /* Car-Loan-Calculator.png in Resources */ = {isa = PBXBuildFile; fileRef = AFAFD57C28EBBE3800B3C410 /* Car-Loan-Calculator.png */; };
		AFAFD5A628EBBE3800B3C410 /* honda_city.png in Resources */ = {isa = PBXBuildFile; fileRef = AFAFD57D28EBBE3800B3C410 /* honda_city.png */; };
		AFAFD5AD28EBC63800B3C410 /* CarListViewController.swift in Sources */ = {isa = PBXBuildFile; fileRef = AFAFD5AC28EBC63800B3C410 /* CarListViewController.swift */; };
		AFAFD5AF28EBC65100B3C410 /* CarDetailViewController.swift in Sources */ = {isa = PBXBuildFile; fileRef = AFAFD5AE28EBC65100B3C410 /* CarDetailViewController.swift */; };
		AFAFD5B128EBC66600B3C410 /* CalculatorViewController.swift in Sources */ = {isa = PBXBuildFile; fileRef = AFAFD5B028EBC66600B3C410 /* CalculatorViewController.swift */; };
		AFAFD5BC28EBCA8400B3C410 /* nissan-logo.png in Resources */ = {isa = PBXBuildFile; fileRef = AFAFD5B828EBCA8400B3C410 /* nissan-logo.png */; };
		AFAFD5BD28EBCA8400B3C410 /* mazda-logo.png in Resources */ = {isa = PBXBuildFile; fileRef = AFAFD5B928EBCA8400B3C410 /* mazda-logo.png */; };
		AFAFD5C028EBCB0700B3C410 /* honda-logo.png in Resources */ = {isa = PBXBuildFile; fileRef = AFAFD5BF28EBCB0700B3C410 /* honda-logo.png */; };
		AFAFD5C228EBCB4F00B3C410 /* toyota-logo.png in Resources */ = {isa = PBXBuildFile; fileRef = AFAFD5C128EBCB4F00B3C410 /* toyota-logo.png */; };
		AFAFD5CC28EBD8A400B3C410 /* yaris.png in Resources */ = {isa = PBXBuildFile; fileRef = AFAFD5C428EBD8A300B3C410 /* yaris.png */; };
		AFAFD5CD28EBD8A400B3C410 /* toyota_camry.png in Resources */ = {isa = PBXBuildFile; fileRef = AFAFD5C528EBD8A300B3C410 /* toyota_camry.png */; };
		AFAFD5CE28EBD8A400B3C410 /* cross.png in Resources */ = {isa = PBXBuildFile; fileRef = AFAFD5C628EBD8A300B3C410 /* cross.png */; };
		AFAFD5CF28EBD8A400B3C410 /* chr.png in Resources */ = {isa = PBXBuildFile; fileRef = AFAFD5C728EBD8A300B3C410 /* chr.png */; };
		AFAFD5D028EBD8A400B3C410 /* camry.png in Resources */ = {isa = PBXBuildFile; fileRef = AFAFD5C828EBD8A300B3C410 /* camry.png */; };
		AFAFD5D128EBD8A400B3C410 /* toyota_cross.png in Resources */ = {isa = PBXBuildFile; fileRef = AFAFD5C928EBD8A300B3C410 /* toyota_cross.png */; };
		AFAFD5D228EBD8A400B3C410 /* toyota_chr.png in Resources */ = {isa = PBXBuildFile; fileRef = AFAFD5CA28EBD8A300B3C410 /* toyota_chr.png */; };
		AFAFD5D328EBD8A400B3C410 /* toyota_yaris.png in Resources */ = {isa = PBXBuildFile; fileRef = AFAFD5CB28EBD8A300B3C410 /* toyota_yaris.png */; };
		AFAFD5D828EBD91400B3C410 /* camry-new.jpg in Resources */ = {isa = PBXBuildFile; fileRef = AFAFD5D428EBD91400B3C410 /* camry-new.jpg */; };
		AFAFD5D928EBD91400B3C410 /* cross-new.jpg in Resources */ = {isa = PBXBuildFile; fileRef = AFAFD5D528EBD91400B3C410 /* cross-new.jpg */; };
		AFAFD5DA28EBD91400B3C410 /* chr-new.jpg in Resources */ = {isa = PBXBuildFile; fileRef = AFAFD5D628EBD91400B3C410 /* chr-new.jpg */; };
		AFAFD5DB28EBD91400B3C410 /* yaris-new.jpg in Resources */ = {isa = PBXBuildFile; fileRef = AFAFD5D728EBD91400B3C410 /* yaris-new.jpg */; };
		AFAFD5DD28EBDE5C00B3C410 /* Finance.swift in Sources */ = {isa = PBXBuildFile; fileRef = AFAFD5DC28EBDE5C00B3C410 /* Finance.swift */; };
		AFAFD5DF28EBDE7100B3C410 /* Validator.swift in Sources */ = {isa = PBXBuildFile; fileRef = AFAFD5DE28EBDE7100B3C410 /* Validator.swift */; };
/* End PBXBuildFile section */

/* Begin PBXContainerItemProxy section */
		AFAFD53728EBBC3C00B3C410 /* PBXContainerItemProxy */ = {
			isa = PBXContainerItemProxy;
			containerPortal = AFAFD51828EBBC3B00B3C410 /* Project object */;
			proxyType = 1;
			remoteGlobalIDString = AFAFD51F28EBBC3B00B3C410;
			remoteInfo = car_catalogue_midterm_049;
		};
		AFAFD54128EBBC3C00B3C410 /* PBXContainerItemProxy */ = {
			isa = PBXContainerItemProxy;
			containerPortal = AFAFD51828EBBC3B00B3C410 /* Project object */;
			proxyType = 1;
			remoteGlobalIDString = AFAFD51F28EBBC3B00B3C410;
			remoteInfo = car_catalogue_midterm_049;
		};
/* End PBXContainerItemProxy section */

/* Begin PBXFileReference section */
		AFAFD52028EBBC3B00B3C410 /* car_catalogue_midterm_049.app */ = {isa = PBXFileReference; explicitFileType = wrapper.application; includeInIndex = 0; path = car_catalogue_midterm_049.app; sourceTree = BUILT_PRODUCTS_DIR; };
		AFAFD52328EBBC3B00B3C410 /* AppDelegate.swift */ = {isa = PBXFileReference; lastKnownFileType = sourcecode.swift; path = AppDelegate.swift; sourceTree = "<group>"; };
		AFAFD52528EBBC3B00B3C410 /* SceneDelegate.swift */ = {isa = PBXFileReference; lastKnownFileType = sourcecode.swift; path = SceneDelegate.swift; sourceTree = "<group>"; };
		AFAFD52728EBBC3B00B3C410 /* ViewController.swift */ = {isa = PBXFileReference; lastKnownFileType = sourcecode.swift; path = ViewController.swift; sourceTree = "<group>"; };
		AFAFD52A28EBBC3B00B3C410 /* Base */ = {isa = PBXFileReference; lastKnownFileType = file.storyboard; name = Base; path = Base.lproj/Main.storyboard; sourceTree = "<group>"; };
		AFAFD52C28EBBC3C00B3C410 /* Assets.xcassets */ = {isa = PBXFileReference; lastKnownFileType = folder.assetcatalog; path = Assets.xcassets; sourceTree = "<group>"; };
		AFAFD52F28EBBC3C00B3C410 /* Base */ = {isa = PBXFileReference; lastKnownFileType = file.storyboard; name = Base; path = Base.lproj/LaunchScreen.storyboard; sourceTree = "<group>"; };
		AFAFD53128EBBC3C00B3C410 /* Info.plist */ = {isa = PBXFileReference; lastKnownFileType = text.plist.xml; path = Info.plist; sourceTree = "<group>"; };
		AFAFD53628EBBC3C00B3C410 /* car_catalogue_midterm_049Tests.xctest */ = {isa = PBXFileReference; explicitFileType = wrapper.cfbundle; includeInIndex = 0; path = car_catalogue_midterm_049Tests.xctest; sourceTree = BUILT_PRODUCTS_DIR; };
		AFAFD53A28EBBC3C00B3C410 /* car_catalogue_midterm_049Tests.swift */ = {isa = PBXFileReference; lastKnownFileType = sourcecode.swift; path = car_catalogue_midterm_049Tests.swift; sourceTree = "<group>"; };
		AFAFD54028EBBC3C00B3C410 /* car_catalogue_midterm_049UITests.xctest */ = {isa = PBXFileReference; explicitFileType = wrapper.cfbundle; includeInIndex = 0; path = car_catalogue_midterm_049UITests.xctest; sourceTree = BUILT_PRODUCTS_DIR; };
		AFAFD54428EBBC3C00B3C410 /* car_catalogue_midterm_049UITests.swift */ = {isa = PBXFileReference; lastKnownFileType = sourcecode.swift; path = car_catalogue_midterm_049UITests.swift; sourceTree = "<group>"; };
		AFAFD54628EBBC3C00B3C410 /* car_catalogue_midterm_049UITestsLaunchTests.swift */ = {isa = PBXFileReference; lastKnownFileType = sourcecode.swift; path = car_catalogue_midterm_049UITestsLaunchTests.swift; sourceTree = "<group>"; };
		AFAFD55328EBBD0000B3C410 /* DataConfig.swift */ = {isa = PBXFileReference; lastKnownFileType = sourcecode.swift; path = DataConfig.swift; sourceTree = "<group>"; };
		AFAFD55528EBBE3600B3C410 /* nissan_terra.png */ = {isa = PBXFileReference; lastKnownFileType = image.png; path = nissan_terra.png; sourceTree = "<group>"; };
		AFAFD55628EBBE3600B3C410 /* civic.png */ = {isa = PBXFileReference; lastKnownFileType = image.png; path = civic.png; sourceTree = "<group>"; };
		AFAFD55728EBBE3600B3C410 /* motorexpo3.jpg */ = {isa = PBXFileReference; lastKnownFileType = image.jpeg; path = motorexpo3.jpg; sourceTree = "<group>"; };
		AFAFD55928EBBE3600B3C410 /* honda_hrv.png */ = {isa = PBXFileReference; lastKnownFileType = image.png; path = honda_hrv.png; sourceTree = "<group>"; };
		AFAFD55C28EBBE3700B3C410 /* Nintendo_Switch_OLED.png */ = {isa = PBXFileReference; lastKnownFileType = image.png; path = Nintendo_Switch_OLED.png; sourceTree = "<group>"; };
		AFAFD55D28EBBE3700B3C410 /* honda_civic.png */ = {isa = PBXFileReference; lastKnownFileType = image.png; path = honda_civic.png; sourceTree = "<group>"; };
		AFAFD56028EBBE3700B3C410 /* mazda_cx8.png */ = {isa = PBXFileReference; lastKnownFileType = image.png; path = mazda_cx8.png; sourceTree = "<group>"; };
		AFAFD56128EBBE3700B3C410 /* mazda_cx3.png */ = {isa = PBXFileReference; lastKnownFileType = image.png; path = mazda_cx3.png; sourceTree = "<group>"; };
		AFAFD56228EBBE3700B3C410 /* terra.png */ = {isa = PBXFileReference; lastKnownFileType = image.png; path = terra.png; sourceTree = "<group>"; };
		AFAFD56328EBBE3700B3C410 /* mazda_2.png */ = {isa = PBXFileReference; lastKnownFileType = image.png; path = mazda_2.png; sourceTree = "<group>"; };
		AFAFD56428EBBE3700B3C410 /* cx3.png */ = {isa = PBXFileReference; lastKnownFileType = image.png; path = cx3.png; sourceTree = "<group>"; };
		AFAFD56528EBBE3700B3C410 /* gtr.png */ = {isa = PBXFileReference; lastKnownFileType = image.png; path = gtr.png; sourceTree = "<group>"; };
		AFAFD56628EBBE3700B3C410 /* motorexpo2022_2.jpg */ = {isa = PBXFileReference; lastKnownFileType = image.jpeg; path = motorexpo2022_2.jpg; sourceTree = "<group>"; };
		AFAFD56728EBBE3700B3C410 /* nissan_almera.png */ = {isa = PBXFileReference; lastKnownFileType = image.png; path = nissan_almera.png; sourceTree = "<group>"; };
		AFAFD56828EBBE3700B3C410 /* nissan_gtr.png */ = {isa = PBXFileReference; lastKnownFileType = image.png; path = nissan_gtr.png; sourceTree = "<group>"; };
		AFAFD56928EBBE3700B3C410 /* city.png */ = {isa = PBXFileReference; lastKnownFileType = image.png; path = city.png; sourceTree = "<group>"; };
		AFAFD56B28EBBE3700B3C410 /* almera.png */ = {isa = PBXFileReference; lastKnownFileType = image.png; path = almera.png; sourceTree = "<group>"; };
		AFAFD56C28EBBE3800B3C410 /* mazda_cx5.png */ = {isa = PBXFileReference; lastKnownFileType = image.png; path = mazda_cx5.png; sourceTree = "<group>"; };
		AFAFD56E28EBBE3800B3C410 /* honda_accord.png */ = {isa = PBXFileReference; lastKnownFileType = image.png; path = honda_accord.png; sourceTree = "<group>"; };
		AFAFD56F28EBBE3800B3C410 /* cx8.png */ = {isa = PBXFileReference; lastKnownFileType = image.png; path = cx8.png; sourceTree = "<group>"; };
		AFAFD57028EBBE3800B3C410 /* Car-Loan.jpeg */ = {isa = PBXFileReference; lastKnownFileType = image.jpeg; path = "Car-Loan.jpeg"; sourceTree = "<group>"; };
		AFAFD57128EBBE3800B3C410 /* hrv.png */ = {isa = PBXFileReference; lastKnownFileType = image.png; path = hrv.png; sourceTree = "<group>"; };
		AFAFD57328EBBE3800B3C410 /* accord.png */ = {isa = PBXFileReference; lastKnownFileType = image.png; path = accord.png; sourceTree = "<group>"; };
		AFAFD57428EBBE3800B3C410 /* motorexpo2022_1.jpg */ = {isa = PBXFileReference; lastKnownFileType = image.jpeg; path = motorexpo2022_1.jpg; sourceTree = "<group>"; };
		AFAFD57528EBBE3800B3C410 /* kick.png */ = {isa = PBXFileReference; lastKnownFileType = image.png; path = kick.png; sourceTree = "<group>"; };
		AFAFD57828EBBE3800B3C410 /* 2.png */ = {isa = PBXFileReference; lastKnownFileType = image.png; path = 2.png; sourceTree = "<group>"; };
		AFAFD57928EBBE3800B3C410 /* cx5.png */ = {isa = PBXFileReference; lastKnownFileType = image.png; path = cx5.png; sourceTree = "<group>"; };
		AFAFD57B28EBBE3800B3C410 /* nissan_kick.png */ = {isa = PBXFileReference; lastKnownFileType = image.png; path = nissan_kick.png; sourceTree = "<group>"; };
		AFAFD57C28EBBE3800B3C410 /* Car-Loan-Calculator.png */ = {isa = PBXFileReference; lastKnownFileType = image.png; path = "Car-Loan-Calculator.png"; sourceTree = "<group>"; };
		AFAFD57D28EBBE3800B3C410 /* honda_city.png */ = {isa = PBXFileReference; lastKnownFileType = image.png; path = honda_city.png; sourceTree = "<group>"; };
		AFAFD5AC28EBC63800B3C410 /* CarListViewController.swift */ = {isa = PBXFileReference; lastKnownFileType = sourcecode.swift; path = CarListViewController.swift; sourceTree = "<group>"; };
		AFAFD5AE28EBC65100B3C410 /* CarDetailViewController.swift */ = {isa = PBXFileReference; lastKnownFileType = sourcecode.swift; path = CarDetailViewController.swift; sourceTree = "<group>"; };
		AFAFD5B028EBC66600B3C410 /* CalculatorViewController.swift */ = {isa = PBXFileReference; lastKnownFileType = sourcecode.swift; path = CalculatorViewController.swift; sourceTree = "<group>"; };
		AFAFD5B828EBCA8400B3C410 /* nissan-logo.png */ = {isa = PBXFileReference; lastKnownFileType = image.png; path = "nissan-logo.png"; sourceTree = "<group>"; };
		AFAFD5B928EBCA8400B3C410 /* mazda-logo.png */ = {isa = PBXFileReference; lastKnownFileType = image.png; path = "mazda-logo.png"; sourceTree = "<group>"; };
		AFAFD5BF28EBCB0700B3C410 /* honda-logo.png */ = {isa = PBXFileReference; lastKnownFileType = image.png; path = "honda-logo.png"; sourceTree = "<group>"; };
		AFAFD5C128EBCB4F00B3C410 /* toyota-logo.png */ = {isa = PBXFileReference; lastKnownFileType = image.png; path = "toyota-logo.png"; sourceTree = "<group>"; };
		AFAFD5C428EBD8A300B3C410 /* yaris.png */ = {isa = PBXFileReference; lastKnownFileType = image.png; path = yaris.png; sourceTree = "<group>"; };
		AFAFD5C528EBD8A300B3C410 /* toyota_camry.png */ = {isa = PBXFileReference; lastKnownFileType = image.png; path = toyota_camry.png; sourceTree = "<group>"; };
		AFAFD5C628EBD8A300B3C410 /* cross.png */ = {isa = PBXFileReference; lastKnownFileType = image.png; path = cross.png; sourceTree = "<group>"; };
		AFAFD5C728EBD8A300B3C410 /* chr.png */ = {isa = PBXFileReference; lastKnownFileType = image.png; path = chr.png; sourceTree = "<group>"; };
		AFAFD5C828EBD8A300B3C410 /* camry.png */ = {isa = PBXFileReference; lastKnownFileType = image.png; path = camry.png; sourceTree = "<group>"; };
		AFAFD5C928EBD8A300B3C410 /* toyota_cross.png */ = {isa = PBXFileReference; lastKnownFileType = image.png; path = toyota_cross.png; sourceTree = "<group>"; };
		AFAFD5CA28EBD8A300B3C410 /* toyota_chr.png */ = {isa = PBXFileReference; lastKnownFileType = image.png; path = toyota_chr.png; sourceTree = "<group>"; };
		AFAFD5CB28EBD8A300B3C410 /* toyota_yaris.png */ = {isa = PBXFileReference; lastKnownFileType = image.png; path = toyota_yaris.png; sourceTree = "<group>"; };
		AFAFD5D428EBD91400B3C410 /* camry-new.jpg */ = {isa = PBXFileReference; lastKnownFileType = image.jpeg; path = "camry-new.jpg"; sourceTree = "<group>"; };
		AFAFD5D528EBD91400B3C410 /* cross-new.jpg */ = {isa = PBXFileReference; lastKnownFileType = image.jpeg; path = "cross-new.jpg"; sourceTree = "<group>"; };
		AFAFD5D628EBD91400B3C410 /* chr-new.jpg */ = {isa = PBXFileReference; lastKnownFileType = image.jpeg; path = "chr-new.jpg"; sourceTree = "<group>"; };
		AFAFD5D728EBD91400B3C410 /* yaris-new.jpg */ = {isa = PBXFileReference; lastKnownFileType = image.jpeg; path = "yaris-new.jpg"; sourceTree = "<group>"; };
		AFAFD5DC28EBDE5C00B3C410 /* Finance.swift */ = {isa = PBXFileReference; lastKnownFileType = sourcecode.swift; path = Finance.swift; sourceTree = "<group>"; };
		AFAFD5DE28EBDE7100B3C410 /* Validator.swift */ = {isa = PBXFileReference; lastKnownFileType = sourcecode.swift; path = Validator.swift; sourceTree = "<group>"; };
/* End PBXFileReference section */

/* Begin PBXFrameworksBuildPhase section */
		AFAFD51D28EBBC3B00B3C410 /* Frameworks */ = {
			isa = PBXFrameworksBuildPhase;
			buildActionMask = 2147483647;
			files = (
			);
			runOnlyForDeploymentPostprocessing = 0;
		};
		AFAFD53328EBBC3C00B3C410 /* Frameworks */ = {
			isa = PBXFrameworksBuildPhase;
			buildActionMask = 2147483647;
			files = (
			);
			runOnlyForDeploymentPostprocessing = 0;
		};
		AFAFD53D28EBBC3C00B3C410 /* Frameworks */ = {
			isa = PBXFrameworksBuildPhase;
			buildActionMask = 2147483647;
			files = (
			);
			runOnlyForDeploymentPostprocessing = 0;
		};
/* End PBXFrameworksBuildPhase section */

/* Begin PBXGroup section */
		AFAFD51728EBBC3B00B3C410 = {
			isa = PBXGroup;
			children = (
				AFAFD5C328EBD85100B3C410 /* toyota */,
				AFAFD5B628EBCA2500B3C410 /* logo */,
				AFAFD57C28EBBE3800B3C410 /* Car-Loan-Calculator.png */,
				AFAFD57028EBBE3800B3C410 /* Car-Loan.jpeg */,
				AFAFD5A828EBBE9F00B3C410 /* mazda */,
				AFAFD5A728EBBE4900B3C410 /* honda */,
				AFAFD5A928EBBECA00B3C410 /* nissan */,
				AFAFD55728EBBE3600B3C410 /* motorexpo3.jpg */,
				AFAFD57428EBBE3800B3C410 /* motorexpo2022_1.jpg */,
				AFAFD56628EBBE3700B3C410 /* motorexpo2022_2.jpg */,
				AFAFD55C28EBBE3700B3C410 /* Nintendo_Switch_OLED.png */,
				AFAFD52228EBBC3B00B3C410 /* car_catalogue_midterm_049 */,
				AFAFD53928EBBC3C00B3C410 /* car_catalogue_midterm_049Tests */,
				AFAFD54328EBBC3C00B3C410 /* car_catalogue_midterm_049UITests */,
				AFAFD52128EBBC3B00B3C410 /* Products */,
			);
			sourceTree = "<group>";
		};
		AFAFD52128EBBC3B00B3C410 /* Products */ = {
			isa = PBXGroup;
			children = (
				AFAFD52028EBBC3B00B3C410 /* car_catalogue_midterm_049.app */,
				AFAFD53628EBBC3C00B3C410 /* car_catalogue_midterm_049Tests.xctest */,
				AFAFD54028EBBC3C00B3C410 /* car_catalogue_midterm_049UITests.xctest */,
			);
			name = Products;
			sourceTree = "<group>";
		};
		AFAFD52228EBBC3B00B3C410 /* car_catalogue_midterm_049 */ = {
			isa = PBXGroup;
			children = (
				AFAFD52328EBBC3B00B3C410 /* AppDelegate.swift */,
				AFAFD52528EBBC3B00B3C410 /* SceneDelegate.swift */,
				AFAFD52728EBBC3B00B3C410 /* ViewController.swift */,
				AFAFD52928EBBC3B00B3C410 /* Main.storyboard */,
				AFAFD52C28EBBC3C00B3C410 /* Assets.xcassets */,
				AFAFD52E28EBBC3C00B3C410 /* LaunchScreen.storyboard */,
				AFAFD53128EBBC3C00B3C410 /* Info.plist */,
				AFAFD55328EBBD0000B3C410 /* DataConfig.swift */,
				AFAFD5AC28EBC63800B3C410 /* CarListViewController.swift */,
				AFAFD5AE28EBC65100B3C410 /* CarDetailViewController.swift */,
				AFAFD5B028EBC66600B3C410 /* CalculatorViewController.swift */,
				AFAFD5DC28EBDE5C00B3C410 /* Finance.swift */,
				AFAFD5DE28EBDE7100B3C410 /* Validator.swift */,
			);
			path = car_catalogue_midterm_049;
			sourceTree = "<group>";
		};
		AFAFD53928EBBC3C00B3C410 /* car_catalogue_midterm_049Tests */ = {
			isa = PBXGroup;
			children = (
				AFAFD53A28EBBC3C00B3C410 /* car_catalogue_midterm_049Tests.swift */,
			);
			path = car_catalogue_midterm_049Tests;
			sourceTree = "<group>";
		};
		AFAFD54328EBBC3C00B3C410 /* car_catalogue_midterm_049UITests */ = {
			isa = PBXGroup;
			children = (
				AFAFD54428EBBC3C00B3C410 /* car_catalogue_midterm_049UITests.swift */,
				AFAFD54628EBBC3C00B3C410 /* car_catalogue_midterm_049UITestsLaunchTests.swift */,
			);
			path = car_catalogue_midterm_049UITests;
			sourceTree = "<group>";
		};
		AFAFD5A728EBBE4900B3C410 /* honda */ = {
			isa = PBXGroup;
			children = (
				AFAFD56E28EBBE3800B3C410 /* honda_accord.png */,
				AFAFD57328EBBE3800B3C410 /* accord.png */,
				AFAFD57D28EBBE3800B3C410 /* honda_city.png */,
				AFAFD56928EBBE3700B3C410 /* city.png */,
				AFAFD55D28EBBE3700B3C410 /* honda_civic.png */,
				AFAFD55628EBBE3600B3C410 /* civic.png */,
				AFAFD55928EBBE3600B3C410 /* honda_hrv.png */,
				AFAFD57128EBBE3800B3C410 /* hrv.png */,
			);
			name = honda;
			sourceTree = "<group>";
		};
		AFAFD5A828EBBE9F00B3C410 /* mazda */ = {
			isa = PBXGroup;
			children = (
				AFAFD56328EBBE3700B3C410 /* mazda_2.png */,
				AFAFD57828EBBE3800B3C410 /* 2.png */,
				AFAFD56128EBBE3700B3C410 /* mazda_cx3.png */,
				AFAFD56428EBBE3700B3C410 /* cx3.png */,
				AFAFD56C28EBBE3800B3C410 /* mazda_cx5.png */,
				AFAFD57928EBBE3800B3C410 /* cx5.png */,
				AFAFD56028EBBE3700B3C410 /* mazda_cx8.png */,
				AFAFD56F28EBBE3800B3C410 /* cx8.png */,
			);
			name = mazda;
			sourceTree = "<group>";
		};
		AFAFD5A928EBBECA00B3C410 /* nissan */ = {
			isa = PBXGroup;
			children = (
				AFAFD57B28EBBE3800B3C410 /* nissan_kick.png */,
				AFAFD57528EBBE3800B3C410 /* kick.png */,
				AFAFD55528EBBE3600B3C410 /* nissan_terra.png */,
				AFAFD56228EBBE3700B3C410 /* terra.png */,
				AFAFD56728EBBE3700B3C410 /* nissan_almera.png */,
				AFAFD56B28EBBE3700B3C410 /* almera.png */,
				AFAFD56828EBBE3700B3C410 /* nissan_gtr.png */,
				AFAFD56528EBBE3700B3C410 /* gtr.png */,
			);
			name = nissan;
			sourceTree = "<group>";
		};
		AFAFD5B628EBCA2500B3C410 /* logo */ = {
			isa = PBXGroup;
			children = (
				AFAFD5BF28EBCB0700B3C410 /* honda-logo.png */,
				AFAFD5B928EBCA8400B3C410 /* mazda-logo.png */,
				AFAFD5B828EBCA8400B3C410 /* nissan-logo.png */,
				AFAFD5C128EBCB4F00B3C410 /* toyota-logo.png */,
			);
			name = logo;
			sourceTree = "<group>";
		};
		AFAFD5C328EBD85100B3C410 /* toyota */ = {
			isa = PBXGroup;
			children = (
				AFAFD5D428EBD91400B3C410 /* camry-new.jpg */,
				AFAFD5D628EBD91400B3C410 /* chr-new.jpg */,
				AFAFD5D528EBD91400B3C410 /* cross-new.jpg */,
				AFAFD5D728EBD91400B3C410 /* yaris-new.jpg */,
				AFAFD5C828EBD8A300B3C410 /* camry.png */,
				AFAFD5C728EBD8A300B3C410 /* chr.png */,
				AFAFD5C628EBD8A300B3C410 /* cross.png */,
				AFAFD5C528EBD8A300B3C410 /* toyota_camry.png */,
				AFAFD5CA28EBD8A300B3C410 /* toyota_chr.png */,
				AFAFD5C928EBD8A300B3C410 /* toyota_cross.png */,
				AFAFD5CB28EBD8A300B3C410 /* toyota_yaris.png */,
				AFAFD5C428EBD8A300B3C410 /* yaris.png */,
			);
			name = toyota;
			sourceTree = "<group>";
		};
/* End PBXGroup section */

/* Begin PBXNativeTarget section */
		AFAFD51F28EBBC3B00B3C410 /* car_catalogue_midterm_049 */ = {
			isa = PBXNativeTarget;
			buildConfigurationList = AFAFD54A28EBBC3C00B3C410 /* Build configuration list for PBXNativeTarget "car_catalogue_midterm_049" */;
			buildPhases = (
				AFAFD51C28EBBC3B00B3C410 /* Sources */,
				AFAFD51D28EBBC3B00B3C410 /* Frameworks */,
				AFAFD51E28EBBC3B00B3C410 /* Resources */,
			);
			buildRules = (
			);
			dependencies = (
			);
			name = car_catalogue_midterm_049;
			productName = car_catalogue_midterm_049;
			productReference = AFAFD52028EBBC3B00B3C410 /* car_catalogue_midterm_049.app */;
			productType = "com.apple.product-type.application";
		};
		AFAFD53528EBBC3C00B3C410 /* car_catalogue_midterm_049Tests */ = {
			isa = PBXNativeTarget;
			buildConfigurationList = AFAFD54D28EBBC3C00B3C410 /* Build configuration list for PBXNativeTarget "car_catalogue_midterm_049Tests" */;
			buildPhases = (
				AFAFD53228EBBC3C00B3C410 /* Sources */,
				AFAFD53328EBBC3C00B3C410 /* Frameworks */,
				AFAFD53428EBBC3C00B3C410 /* Resources */,
			);
			buildRules = (
			);
			dependencies = (
				AFAFD53828EBBC3C00B3C410 /* PBXTargetDependency */,
			);
			name = car_catalogue_midterm_049Tests;
			productName = car_catalogue_midterm_049Tests;
			productReference = AFAFD53628EBBC3C00B3C410 /* car_catalogue_midterm_049Tests.xctest */;
			productType = "com.apple.product-type.bundle.unit-test";
		};
		AFAFD53F28EBBC3C00B3C410 /* car_catalogue_midterm_049UITests */ = {
			isa = PBXNativeTarget;
			buildConfigurationList = AFAFD55028EBBC3C00B3C410 /* Build configuration list for PBXNativeTarget "car_catalogue_midterm_049UITests" */;
			buildPhases = (
				AFAFD53C28EBBC3C00B3C410 /* Sources */,
				AFAFD53D28EBBC3C00B3C410 /* Frameworks */,
				AFAFD53E28EBBC3C00B3C410 /* Resources */,
			);
			buildRules = (
			);
			dependencies = (
				AFAFD54228EBBC3C00B3C410 /* PBXTargetDependency */,
			);
			name = car_catalogue_midterm_049UITests;
			productName = car_catalogue_midterm_049UITests;
			productReference = AFAFD54028EBBC3C00B3C410 /* car_catalogue_midterm_049UITests.xctest */;
			productType = "com.apple.product-type.bundle.ui-testing";
		};
/* End PBXNativeTarget section */

/* Begin PBXProject section */
		AFAFD51828EBBC3B00B3C410 /* Project object */ = {
			isa = PBXProject;
			attributes = {
				BuildIndependentTargetsInParallel = 1;
				LastSwiftUpdateCheck = 1400;
				LastUpgradeCheck = 1400;
				TargetAttributes = {
					AFAFD51F28EBBC3B00B3C410 = {
						CreatedOnToolsVersion = 14.0.1;
					};
					AFAFD53528EBBC3C00B3C410 = {
						CreatedOnToolsVersion = 14.0.1;
						TestTargetID = AFAFD51F28EBBC3B00B3C410;
					};
					AFAFD53F28EBBC3C00B3C410 = {
						CreatedOnToolsVersion = 14.0.1;
						TestTargetID = AFAFD51F28EBBC3B00B3C410;
					};
				};
			};
			buildConfigurationList = AFAFD51B28EBBC3B00B3C410 /* Build configuration list for PBXProject "car_catalogue_midterm_049" */;
			compatibilityVersion = "Xcode 14.0";
			developmentRegion = en;
			hasScannedForEncodings = 0;
			knownRegions = (
				en,
				Base,
			);
			mainGroup = AFAFD51728EBBC3B00B3C410;
			productRefGroup = AFAFD52128EBBC3B00B3C410 /* Products */;
			projectDirPath = "";
			projectRoot = "";
			targets = (
				AFAFD51F28EBBC3B00B3C410 /* car_catalogue_midterm_049 */,
				AFAFD53528EBBC3C00B3C410 /* car_catalogue_midterm_049Tests */,
				AFAFD53F28EBBC3C00B3C410 /* car_catalogue_midterm_049UITests */,
			);
		};
/* End PBXProject section */

/* Begin PBXResourcesBuildPhase section */
		AFAFD51E28EBBC3B00B3C410 /* Resources */ = {
			isa = PBXResourcesBuildPhase;
			buildActionMask = 2147483647;
			files = (
				AFAFD5A128EBBE3800B3C410 /* 2.png in Resources */,
				AFAFD5A228EBBE3800B3C410 /* cx5.png in Resources */,
				AFAFD58528EBBE3800B3C410 /* Nintendo_Switch_OLED.png in Resources */,
				AFAFD58C28EBBE3800B3C410 /* mazda_2.png in Resources */,
				AFAFD58E28EBBE3800B3C410 /* gtr.png in Resources */,
				AFAFD59528EBBE3800B3C410 /* mazda_cx5.png in Resources */,
				AFAFD58D28EBBE3800B3C410 /* cx3.png in Resources */,
				AFAFD58228EBBE3800B3C410 /* honda_hrv.png in Resources */,
				AFAFD59828EBBE3800B3C410 /* cx8.png in Resources */,
				AFAFD59A28EBBE3800B3C410 /* hrv.png in Resources */,
				AFAFD5DB28EBD91400B3C410 /* yaris-new.jpg in Resources */,
				AFAFD5D028EBD8A400B3C410 /* camry.png in Resources */,
				AFAFD5CE28EBD8A400B3C410 /* cross.png in Resources */,
				AFAFD5A428EBBE3800B3C410 /* nissan_kick.png in Resources */,
				AFAFD59128EBBE3800B3C410 /* nissan_gtr.png in Resources */,
				AFAFD5A528EBBE3800B3C410 /* Car-Loan-Calculator.png in Resources */,
				AFAFD57E28EBBE3800B3C410 /* nissan_terra.png in Resources */,
				AFAFD58628EBBE3800B3C410 /* honda_civic.png in Resources */,
				AFAFD59D28EBBE3800B3C410 /* motorexpo2022_1.jpg in Resources */,
				AFAFD58028EBBE3800B3C410 /* motorexpo3.jpg in Resources */,
				AFAFD5CF28EBD8A400B3C410 /* chr.png in Resources */,
				AFAFD5D328EBD8A400B3C410 /* toyota_yaris.png in Resources */,
				AFAFD53028EBBC3C00B3C410 /* LaunchScreen.storyboard in Resources */,
				AFAFD57F28EBBE3800B3C410 /* civic.png in Resources */,
				AFAFD59028EBBE3800B3C410 /* nissan_almera.png in Resources */,
				AFAFD5A628EBBE3800B3C410 /* honda_city.png in Resources */,
				AFAFD58A28EBBE3800B3C410 /* mazda_cx3.png in Resources */,
				AFAFD5BD28EBCA8400B3C410 /* mazda-logo.png in Resources */,
				AFAFD58F28EBBE3800B3C410 /* motorexpo2022_2.jpg in Resources */,
				AFAFD58B28EBBE3800B3C410 /* terra.png in Resources */,
				AFAFD59C28EBBE3800B3C410 /* accord.png in Resources */,
				AFAFD5C228EBCB4F00B3C410 /* toyota-logo.png in Resources */,
				AFAFD52D28EBBC3C00B3C410 /* Assets.xcassets in Resources */,
				AFAFD5CC28EBD8A400B3C410 /* yaris.png in Resources */,
				AFAFD58928EBBE3800B3C410 /* mazda_cx8.png in Resources */,
				AFAFD5BC28EBCA8400B3C410 /* nissan-logo.png in Resources */,
				AFAFD5D928EBD91400B3C410 /* cross-new.jpg in Resources */,
				AFAFD5D828EBD91400B3C410 /* camry-new.jpg in Resources */,
				AFAFD5CD28EBD8A400B3C410 /* toyota_camry.png in Resources */,
				AFAFD5D128EBD8A400B3C410 /* toyota_cross.png in Resources */,
				AFAFD59228EBBE3800B3C410 /* city.png in Resources */,
				AFAFD5D228EBD8A400B3C410 /* toyota_chr.png in Resources */,
				AFAFD52B28EBBC3B00B3C410 /* Main.storyboard in Resources */,
				AFAFD59E28EBBE3800B3C410 /* kick.png in Resources */,
				AFAFD59928EBBE3800B3C410 /* Car-Loan.jpeg in Resources */,
				AFAFD59428EBBE3800B3C410 /* almera.png in Resources */,
				AFAFD59728EBBE3800B3C410 /* honda_accord.png in Resources */,
				AFAFD5DA28EBD91400B3C410 /* chr-new.jpg in Resources */,
				AFAFD5C028EBCB0700B3C410 /* honda-logo.png in Resources */,
			);
			runOnlyForDeploymentPostprocessing = 0;
		};
		AFAFD53428EBBC3C00B3C410 /* Resources */ = {
			isa = PBXResourcesBuildPhase;
			buildActionMask = 2147483647;
			files = (
			);
			runOnlyForDeploymentPostprocessing = 0;
		};
		AFAFD53E28EBBC3C00B3C410 /* Resources */ = {
			isa = PBXResourcesBuildPhase;
			buildActionMask = 2147483647;
			files = (
			);
			runOnlyForDeploymentPostprocessing = 0;
		};
/* End PBXResourcesBuildPhase section */

/* Begin PBXSourcesBuildPhase section */
		AFAFD51C28EBBC3B00B3C410 /* Sources */ = {
			isa = PBXSourcesBuildPhase;
			buildActionMask = 2147483647;
			files = (
				AFAFD52828EBBC3B00B3C410 /* ViewController.swift in Sources */,
				AFAFD5DF28EBDE7100B3C410 /* Validator.swift in Sources */,
				AFAFD5AD28EBC63800B3C410 /* CarListViewController.swift in Sources */,
				AFAFD5AF28EBC65100B3C410 /* CarDetailViewController.swift in Sources */,
				AFAFD52428EBBC3B00B3C410 /* AppDelegate.swift in Sources */,
				AFAFD5DD28EBDE5C00B3C410 /* Finance.swift in Sources */,
				AFAFD52628EBBC3B00B3C410 /* SceneDelegate.swift in Sources */,
				AFAFD5B128EBC66600B3C410 /* CalculatorViewController.swift in Sources */,
				AFAFD55428EBBD0000B3C410 /* DataConfig.swift in Sources */,
			);
			runOnlyForDeploymentPostprocessing = 0;
		};
		AFAFD53228EBBC3C00B3C410 /* Sources */ = {
			isa = PBXSourcesBuildPhase;
			buildActionMask = 2147483647;
			files = (
				AFAFD53B28EBBC3C00B3C410 /* car_catalogue_midterm_049Tests.swift in Sources */,
			);
			runOnlyForDeploymentPostprocessing = 0;
		};
		AFAFD53C28EBBC3C00B3C410 /* Sources */ = {
			isa = PBXSourcesBuildPhase;
			buildActionMask = 2147483647;
			files = (
				AFAFD54728EBBC3C00B3C410 /* car_catalogue_midterm_049UITestsLaunchTests.swift in Sources */,
				AFAFD54528EBBC3C00B3C410 /* car_catalogue_midterm_049UITests.swift in Sources */,
			);
			runOnlyForDeploymentPostprocessing = 0;
		};
/* End PBXSourcesBuildPhase section */

/* Begin PBXTargetDependency section */
		AFAFD53828EBBC3C00B3C410 /* PBXTargetDependency */ = {
			isa = PBXTargetDependency;
			target = AFAFD51F28EBBC3B00B3C410 /* car_catalogue_midterm_049 */;
			targetProxy = AFAFD53728EBBC3C00B3C410 /* PBXContainerItemProxy */;
		};
		AFAFD54228EBBC3C00B3C410 /* PBXTargetDependency */ = {
			isa = PBXTargetDependency;
			target = AFAFD51F28EBBC3B00B3C410 /* car_catalogue_midterm_049 */;
			targetProxy = AFAFD54128EBBC3C00B3C410 /* PBXContainerItemProxy */;
		};
/* End PBXTargetDependency section */

/* Begin PBXVariantGroup section */
		AFAFD52928EBBC3B00B3C410 /* Main.storyboard */ = {
			isa = PBXVariantGroup;
			children = (
				AFAFD52A28EBBC3B00B3C410 /* Base */,
			);
			name = Main.storyboard;
			sourceTree = "<group>";
		};
		AFAFD52E28EBBC3C00B3C410 /* LaunchScreen.storyboard */ = {
			isa = PBXVariantGroup;
			children = (
				AFAFD52F28EBBC3C00B3C410 /* Base */,
			);
			name = LaunchScreen.storyboard;
			sourceTree = "<group>";
		};
/* End PBXVariantGroup section */

/* Begin XCBuildConfiguration section */
		AFAFD54828EBBC3C00B3C410 /* Debug */ = {
			isa = XCBuildConfiguration;
			buildSettings = {
				ALWAYS_SEARCH_USER_PATHS = NO;
				CLANG_ANALYZER_NONNULL = YES;
				CLANG_ANALYZER_NUMBER_OBJECT_CONVERSION = YES_AGGRESSIVE;
				CLANG_CXX_LANGUAGE_STANDARD = "gnu++20";
				CLANG_ENABLE_MODULES = YES;
				CLANG_ENABLE_OBJC_ARC = YES;
				CLANG_ENABLE_OBJC_WEAK = YES;
				CLANG_WARN_BLOCK_CAPTURE_AUTORELEASING = YES;
				CLANG_WARN_BOOL_CONVERSION = YES;
				CLANG_WARN_COMMA = YES;
				CLANG_WARN_CONSTANT_CONVERSION = YES;
				CLANG_WARN_DEPRECATED_OBJC_IMPLEMENTATIONS = YES;
				CLANG_WARN_DIRECT_OBJC_ISA_USAGE = YES_ERROR;
				CLANG_WARN_DOCUMENTATION_COMMENTS = YES;
				CLANG_WARN_EMPTY_BODY = YES;
				CLANG_WARN_ENUM_CONVERSION = YES;
				CLANG_WARN_INFINITE_RECURSION = YES;
				CLANG_WARN_INT_CONVERSION = YES;
				CLANG_WARN_NON_LITERAL_NULL_CONVERSION = YES;
				CLANG_WARN_OBJC_IMPLICIT_RETAIN_SELF = YES;
				CLANG_WARN_OBJC_LITERAL_CONVERSION = YES;
				CLANG_WARN_OBJC_ROOT_CLASS = YES_ERROR;
				CLANG_WARN_QUOTED_INCLUDE_IN_FRAMEWORK_HEADER = YES;
				CLANG_WARN_RANGE_LOOP_ANALYSIS = YES;
				CLANG_WARN_STRICT_PROTOTYPES = YES;
				CLANG_WARN_SUSPICIOUS_MOVE = YES;
				CLANG_WARN_UNGUARDED_AVAILABILITY = YES_AGGRESSIVE;
				CLANG_WARN_UNREACHABLE_CODE = YES;
				CLANG_WARN__DUPLICATE_METHOD_MATCH = YES;
				COPY_PHASE_STRIP = NO;
				DEBUG_INFORMATION_FORMAT = dwarf;
				ENABLE_STRICT_OBJC_MSGSEND = YES;
				ENABLE_TESTABILITY = YES;
				GCC_C_LANGUAGE_STANDARD = gnu11;
				GCC_DYNAMIC_NO_PIC = NO;
				GCC_NO_COMMON_BLOCKS = YES;
				GCC_OPTIMIZATION_LEVEL = 0;
				GCC_PREPROCESSOR_DEFINITIONS = (
					"DEBUG=1",
					"$(inherited)",
				);
				GCC_WARN_64_TO_32_BIT_CONVERSION = YES;
				GCC_WARN_ABOUT_RETURN_TYPE = YES_ERROR;
				GCC_WARN_UNDECLARED_SELECTOR = YES;
				GCC_WARN_UNINITIALIZED_AUTOS = YES_AGGRESSIVE;
				GCC_WARN_UNUSED_FUNCTION = YES;
				GCC_WARN_UNUSED_VARIABLE = YES;
				IPHONEOS_DEPLOYMENT_TARGET = 16.0;
				MTL_ENABLE_DEBUG_INFO = INCLUDE_SOURCE;
				MTL_FAST_MATH = YES;
				ONLY_ACTIVE_ARCH = YES;
				SDKROOT = iphoneos;
				SWIFT_ACTIVE_COMPILATION_CONDITIONS = DEBUG;
				SWIFT_OPTIMIZATION_LEVEL = "-Onone";
			};
			name = Debug;
		};
		AFAFD54928EBBC3C00B3C410 /* Release */ = {
			isa = XCBuildConfiguration;
			buildSettings = {
				ALWAYS_SEARCH_USER_PATHS = NO;
				CLANG_ANALYZER_NONNULL = YES;
				CLANG_ANALYZER_NUMBER_OBJECT_CONVERSION = YES_AGGRESSIVE;
				CLANG_CXX_LANGUAGE_STANDARD = "gnu++20";
				CLANG_ENABLE_MODULES = YES;
				CLANG_ENABLE_OBJC_ARC = YES;
				CLANG_ENABLE_OBJC_WEAK = YES;
				CLANG_WARN_BLOCK_CAPTURE_AUTORELEASING = YES;
				CLANG_WARN_BOOL_CONVERSION = YES;
				CLANG_WARN_COMMA = YES;
				CLANG_WARN_CONSTANT_CONVERSION = YES;
				CLANG_WARN_DEPRECATED_OBJC_IMPLEMENTATIONS = YES;
				CLANG_WARN_DIRECT_OBJC_ISA_USAGE = YES_ERROR;
				CLANG_WARN_DOCUMENTATION_COMMENTS = YES;
				CLANG_WARN_EMPTY_BODY = YES;
				CLANG_WARN_ENUM_CONVERSION = YES;
				CLANG_WARN_INFINITE_RECURSION = YES;
				CLANG_WARN_INT_CONVERSION = YES;
				CLANG_WARN_NON_LITERAL_NULL_CONVERSION = YES;
				CLANG_WARN_OBJC_IMPLICIT_RETAIN_SELF = YES;
				CLANG_WARN_OBJC_LITERAL_CONVERSION = YES;
				CLANG_WARN_OBJC_ROOT_CLASS = YES_ERROR;
				CLANG_WARN_QUOTED_INCLUDE_IN_FRAMEWORK_HEADER = YES;
				CLANG_WARN_RANGE_LOOP_ANALYSIS = YES;
				CLANG_WARN_STRICT_PROTOTYPES = YES;
				CLANG_WARN_SUSPICIOUS_MOVE = YES;
				CLANG_WARN_UNGUARDED_AVAILABILITY = YES_AGGRESSIVE;
				CLANG_WARN_UNREACHABLE_CODE = YES;
				CLANG_WARN__DUPLICATE_METHOD_MATCH = YES;
				COPY_PHASE_STRIP = NO;
				DEBUG_INFORMATION_FORMAT = "dwarf-with-dsym";
				ENABLE_NS_ASSERTIONS = NO;
				ENABLE_STRICT_OBJC_MSGSEND = YES;
				GCC_C_LANGUAGE_STANDARD = gnu11;
				GCC_NO_COMMON_BLOCKS = YES;
				GCC_WARN_64_TO_32_BIT_CONVERSION = YES;
				GCC_WARN_ABOUT_RETURN_TYPE = YES_ERROR;
				GCC_WARN_UNDECLARED_SELECTOR = YES;
				GCC_WARN_UNINITIALIZED_AUTOS = YES_AGGRESSIVE;
				GCC_WARN_UNUSED_FUNCTION = YES;
				GCC_WARN_UNUSED_VARIABLE = YES;
				IPHONEOS_DEPLOYMENT_TARGET = 16.0;
				MTL_ENABLE_DEBUG_INFO = NO;
				MTL_FAST_MATH = YES;
				SDKROOT = iphoneos;
				SWIFT_COMPILATION_MODE = wholemodule;
				SWIFT_OPTIMIZATION_LEVEL = "-O";
				VALIDATE_PRODUCT = YES;
			};
			name = Release;
		};
		AFAFD54B28EBBC3C00B3C410 /* Debug */ = {
			isa = XCBuildConfiguration;
			buildSettings = {
				ASSETCATALOG_COMPILER_APPICON_NAME = AppIcon;
				ASSETCATALOG_COMPILER_GLOBAL_ACCENT_COLOR_NAME = AccentColor;
				CODE_SIGN_STYLE = Automatic;
				CURRENT_PROJECT_VERSION = 1;
				DEVELOPMENT_TEAM = WMQSD4MT85;
				GENERATE_INFOPLIST_FILE = YES;
				INFOPLIST_FILE = car_catalogue_midterm_049/Info.plist;
				INFOPLIST_KEY_UIApplicationSupportsIndirectInputEvents = YES;
				INFOPLIST_KEY_UILaunchStoryboardName = LaunchScreen;
				INFOPLIST_KEY_UIMainStoryboardFile = Main;
				INFOPLIST_KEY_UISupportedInterfaceOrientations_iPad = "UIInterfaceOrientationPortrait UIInterfaceOrientationPortraitUpsideDown UIInterfaceOrientationLandscapeLeft UIInterfaceOrientationLandscapeRight";
				INFOPLIST_KEY_UISupportedInterfaceOrientations_iPhone = "UIInterfaceOrientationPortrait UIInterfaceOrientationLandscapeLeft UIInterfaceOrientationLandscapeRight";
				LD_RUNPATH_SEARCH_PATHS = (
					"$(inherited)",
					"@executable_path/Frameworks",
				);
				MARKETING_VERSION = 1.0;
				PRODUCT_BUNDLE_IDENTIFIER = "parinyapt.car-catalogue-midterm-049";
				PRODUCT_NAME = "$(TARGET_NAME)";
				SWIFT_EMIT_LOC_STRINGS = YES;
				SWIFT_VERSION = 5.0;
				TARGETED_DEVICE_FAMILY = "1,2";
			};
			name = Debug;
		};
		AFAFD54C28EBBC3C00B3C410 /* Release */ = {
			isa = XCBuildConfiguration;
			buildSettings = {
				ASSETCATALOG_COMPILER_APPICON_NAME = AppIcon;
				ASSETCATALOG_COMPILER_GLOBAL_ACCENT_COLOR_NAME = AccentColor;
				CODE_SIGN_STYLE = Automatic;
				CURRENT_PROJECT_VERSION = 1;
				DEVELOPMENT_TEAM = WMQSD4MT85;
				GENERATE_INFOPLIST_FILE = YES;
				INFOPLIST_FILE = car_catalogue_midterm_049/Info.plist;
				INFOPLIST_KEY_UIApplicationSupportsIndirectInputEvents = YES;
				INFOPLIST_KEY_UILaunchStoryboardName = LaunchScreen;
				INFOPLIST_KEY_UIMainStoryboardFile = Main;
				INFOPLIST_KEY_UISupportedInterfaceOrientations_iPad = "UIInterfaceOrientationPortrait UIInterfaceOrientationPortraitUpsideDown UIInterfaceOrientationLandscapeLeft UIInterfaceOrientationLandscapeRight";
				INFOPLIST_KEY_UISupportedInterfaceOrientations_iPhone = "UIInterfaceOrientationPortrait UIInterfaceOrientationLandscapeLeft UIInterfaceOrientationLandscapeRight";
				LD_RUNPATH_SEARCH_PATHS = (
					"$(inherited)",
					"@executable_path/Frameworks",
				);
				MARKETING_VERSION = 1.0;
				PRODUCT_BUNDLE_IDENTIFIER = "parinyapt.car-catalogue-midterm-049";
				PRODUCT_NAME = "$(TARGET_NAME)";
				SWIFT_EMIT_LOC_STRINGS = YES;
				SWIFT_VERSION = 5.0;
				TARGETED_DEVICE_FAMILY = "1,2";
			};
			name = Release;
		};
		AFAFD54E28EBBC3C00B3C410 /* Debug */ = {
			isa = XCBuildConfiguration;
			buildSettings = {
				ALWAYS_EMBED_SWIFT_STANDARD_LIBRARIES = YES;
				BUNDLE_LOADER = "$(TEST_HOST)";
				CODE_SIGN_STYLE = Automatic;
				CURRENT_PROJECT_VERSION = 1;
				DEVELOPMENT_TEAM = WMQSD4MT85;
				GENERATE_INFOPLIST_FILE = YES;
				IPHONEOS_DEPLOYMENT_TARGET = 16.0;
				MARKETING_VERSION = 1.0;
				PRODUCT_BUNDLE_IDENTIFIER = "parinyapt.car-catalogue-midterm-049Tests";
				PRODUCT_NAME = "$(TARGET_NAME)";
				SWIFT_EMIT_LOC_STRINGS = NO;
				SWIFT_VERSION = 5.0;
				TARGETED_DEVICE_FAMILY = "1,2";
				TEST_HOST = "$(BUILT_PRODUCTS_DIR)/car_catalogue_midterm_049.app/$(BUNDLE_EXECUTABLE_FOLDER_PATH)/car_catalogue_midterm_049";
			};
			name = Debug;
		};
		AFAFD54F28EBBC3C00B3C410 /* Release */ = {
			isa = XCBuildConfiguration;
			buildSettings = {
				ALWAYS_EMBED_SWIFT_STANDARD_LIBRARIES = YES;
				BUNDLE_LOADER = "$(TEST_HOST)";
				CODE_SIGN_STYLE = Automatic;
				CURRENT_PROJECT_VERSION = 1;
				DEVELOPMENT_TEAM = WMQSD4MT85;
				GENERATE_INFOPLIST_FILE = YES;
				IPHONEOS_DEPLOYMENT_TARGET = 16.0;
				MARKETING_VERSION = 1.0;
				PRODUCT_BUNDLE_IDENTIFIER = "parinyapt.car-catalogue-midterm-049Tests";
				PRODUCT_NAME = "$(TARGET_NAME)";
				SWIFT_EMIT_LOC_STRINGS = NO;
				SWIFT_VERSION = 5.0;
				TARGETED_DEVICE_FAMILY = "1,2";
				TEST_HOST = "$(BUILT_PRODUCTS_DIR)/car_catalogue_midterm_049.app/$(BUNDLE_EXECUTABLE_FOLDER_PATH)/car_catalogue_midterm_049";
			};
			name = Release;
		};
		AFAFD55128EBBC3C00B3C410 /* Debug */ = {
			isa = XCBuildConfiguration;
			buildSettings = {
				ALWAYS_EMBED_SWIFT_STANDARD_LIBRARIES = YES;
				CODE_SIGN_STYLE = Automatic;
				CURRENT_PROJECT_VERSION = 1;
				DEVELOPMENT_TEAM = WMQSD4MT85;
				GENERATE_INFOPLIST_FILE = YES;
				MARKETING_VERSION = 1.0;
				PRODUCT_BUNDLE_IDENTIFIER = "parinyapt.car-catalogue-midterm-049UITests";
				PRODUCT_NAME = "$(TARGET_NAME)";
				SWIFT_EMIT_LOC_STRINGS = NO;
				SWIFT_VERSION = 5.0;
				TARGETED_DEVICE_FAMILY = "1,2";
				TEST_TARGET_NAME = car_catalogue_midterm_049;
			};
			name = Debug;
		};
		AFAFD55228EBBC3C00B3C410 /* Release */ = {
			isa = XCBuildConfiguration;
			buildSettings = {
				ALWAYS_EMBED_SWIFT_STANDARD_LIBRARIES = YES;
				CODE_SIGN_STYLE = Automatic;
				CURRENT_PROJECT_VERSION = 1;
				DEVELOPMENT_TEAM = WMQSD4MT85;
				GENERATE_INFOPLIST_FILE = YES;
				MARKETING_VERSION = 1.0;
				PRODUCT_BUNDLE_IDENTIFIER = "parinyapt.car-catalogue-midterm-049UITests";
				PRODUCT_NAME = "$(TARGET_NAME)";
				SWIFT_EMIT_LOC_STRINGS = NO;
				SWIFT_VERSION = 5.0;
				TARGETED_DEVICE_FAMILY = "1,2";
				TEST_TARGET_NAME = car_catalogue_midterm_049;
			};
			name = Release;
		};
/* End XCBuildConfiguration section */

/* Begin XCConfigurationList section */
		AFAFD51B28EBBC3B00B3C410 /* Build configuration list for PBXProject "car_catalogue_midterm_049" */ = {
			isa = XCConfigurationList;
			buildConfigurations = (
				AFAFD54828EBBC3C00B3C410 /* Debug */,
				AFAFD54928EBBC3C00B3C410 /* Release */,
			);
			defaultConfigurationIsVisible = 0;
			defaultConfigurationName = Release;
		};
		AFAFD54A28EBBC3C00B3C410 /* Build configuration list for PBXNativeTarget "car_catalogue_midterm_049" */ = {
			isa = XCConfigurationList;
			buildConfigurations = (
				AFAFD54B28EBBC3C00B3C410 /* Debug */,
				AFAFD54C28EBBC3C00B3C410 /* Release */,
			);
			defaultConfigurationIsVisible = 0;
			defaultConfigurationName = Release;
		};
		AFAFD54D28EBBC3C00B3C410 /* Build configuration list for PBXNativeTarget "car_catalogue_midterm_049Tests" */ = {
			isa = XCConfigurationList;
			buildConfigurations = (
				AFAFD54E28EBBC3C00B3C410 /* Debug */,
				AFAFD54F28EBBC3C00B3C410 /* Release */,
			);
			defaultConfigurationIsVisible = 0;
			defaultConfigurationName = Release;
		};
		AFAFD55028EBBC3C00B3C410 /* Build configuration list for PBXNativeTarget "car_catalogue_midterm_049UITests" */ = {
			isa = XCConfigurationList;
			buildConfigurations = (
				AFAFD55128EBBC3C00B3C410 /* Debug */,
				AFAFD55228EBBC3C00B3C410 /* Release */,
			);
			defaultConfigurationIsVisible = 0;
			defaultConfigurationName = Release;
		};
/* End XCConfigurationList section */
	};
	rootObject = AFAFD51828EBBC3B00B3C410 /* Project object */;
}
